
Microsoft Visual Studio Solution File, Format Version 12.00
# Visual Studio Version 17
VisualStudioVersion = 17.11.35327.3
MinimumVisualStudioVersion = 10.0.40219.1
Project("{FAE04EC0-301F-11D3-BF4B-00C04F79EFBC}") = "EventodromoRest", "EventodromoRest.csproj", "{AB876301-22DD-4120-999D-EBA20A8686EB}"
EndProject
Global
	GlobalSection(SolutionConfigurationPlatforms) = preSolution
		Debug|Any CPU = Debug|Any CPU
		Release|Any CPU = Release|Any CPU
	EndGlobalSection
	GlobalSection(ProjectConfigurationPlatforms) = postSolution
		{AB876301-22DD-4120-999D-EBA20A8686EB}.Debug|Any CPU.ActiveCfg = Debug|Any CPU
		{AB876301-22DD-4120-999D-EBA20A8686EB}.Debug|Any CPU.Build.0 = Debug|Any CPU
		{AB876301-22DD-4120-999D-EBA20A8686EB}.Release|Any CPU.ActiveCfg = Release|Any CPU
		{AB876301-22DD-4120-999D-EBA20A8686EB}.Release|Any CPU.Build.0 = Release|Any CPU
	EndGlobalSection
	GlobalSection(SolutionProperties) = preSolution
		HideSolutionNode = FALSE
	EndGlobalSection
	GlobalSection(ExtensibilityGlobals) = postSolution
		SolutionGuid = {C53216FE-9CBA-4B4E-B61A-44AF660450A0}
	EndGlobalSection
EndGlobal
